
Microsoft Visual Studio Solution File, Format Version 12.00
# Visual Studio Version 16
VisualStudioVersion = 16.0.31205.134
MinimumVisualStudioVersion = 10.0.40219.1
Project("{FAE04EC0-301F-11D3-BF4B-00C04F79EFBC}") = "senai.hroads.webApi.", "..\senai.hroads.webApi\senai.hroads.webApi\senai.hroads.webApi..csproj", "{627F99B8-C9DC-4FE1-9F9D-3B37A7A4E591}"
EndProject
Global
	GlobalSection(SolutionConfigurationPlatforms) = preSolution
		Debug|Any CPU = Debug|Any CPU
		Release|Any CPU = Release|Any CPU
	EndGlobalSection
	GlobalSection(ProjectConfigurationPlatforms) = postSolution
		{627F99B8-C9DC-4FE1-9F9D-3B37A7A4E591}.Debug|Any CPU.ActiveCfg = Debug|Any CPU
		{627F99B8-C9DC-4FE1-9F9D-3B37A7A4E591}.Debug|Any CPU.Build.0 = Debug|Any CPU
		{627F99B8-C9DC-4FE1-9F9D-3B37A7A4E591}.Release|Any CPU.ActiveCfg = Release|Any CPU
		{627F99B8-C9DC-4FE1-9F9D-3B37A7A4E591}.Release|Any CPU.Build.0 = Release|Any CPU
	EndGlobalSection
	GlobalSection(SolutionProperties) = preSolution
		HideSolutionNode = FALSE
	EndGlobalSection
	GlobalSection(ExtensibilityGlobals) = postSolution
		SolutionGuid = {58017577-C860-471B-A955-512424B2E022}
	EndGlobalSection
EndGlobal
